
Microsoft Visual Studio Solution File, Format Version 12.00
# Visual Studio Version 17
VisualStudioVersion = 17.14.36811.4
MinimumVisualStudioVersion = 10.0.40219.1
Project("{FAE04EC0-301F-11D3-BF4B-00C04F79EFBC}") = "Session.Presentation", "Session.Presentation\Session.Presentation.csproj", "{3634EB9C-5058-4AC6-9D50-236E3823E640}"
EndProject
Project("{2150E333-8FDC-42A3-9474-1A3956D46DE8}") = "Session", "Session", "{02EA681E-C7D8-13C7-8484-4AC65E1B71E8}"
EndProject
Project("{2150E333-8FDC-42A3-9474-1A3956D46DE8}") = "Notification", "Notification", "{DB0C246E-C346-4C67-BAB9-BD66E075C4A3}"
EndProject
Project("{2150E333-8FDC-42A3-9474-1A3956D46DE8}") = "Gateway", "Gateway", "{432F572C-BCAF-4722-9B68-A78DA05BBFF9}"
EndProject
Project("{FAE04EC0-301F-11D3-BF4B-00C04F79EFBC}") = "FocusTrack.Gateway", "FocusTrack.Gateway\FocusTrack.Gateway.csproj", "{B7351A2D-2533-4BB2-87B9-80175A8B9101}"
EndProject
Project("{2150E333-8FDC-42A3-9474-1A3956D46DE8}") = "RewardWorker", "RewardWorker", "{0C60C2CB-5F96-4B6E-AE3C-7CBEDF04B016}"
EndProject
Project("{2150E333-8FDC-42A3-9474-1A3956D46DE8}") = "Shared", "Shared", "{D21FA8D0-414A-4145-8369-A51F95ABDF74}"
EndProject
Project("{FAE04EC0-301F-11D3-BF4B-00C04F79EFBC}") = "Session.Domain", "Session.Domain\Session.Domain.csproj", "{9A282616-F211-482E-B25C-E9EDB6A2F63C}"
EndProject
Project("{FAE04EC0-301F-11D3-BF4B-00C04F79EFBC}") = "Session.Application", "Session.Application\Session.Application.csproj", "{2C2E0F7D-07AC-4BC8-8B58-D7177ACEAB86}"
EndProject
Project("{FAE04EC0-301F-11D3-BF4B-00C04F79EFBC}") = "Session.Infrastructure", "Session.Infrastructure\Session.Infrastructure.csproj", "{9E9553E1-521C-42F2-8246-2CA309B31C4F}"
EndProject
Project("{FAE04EC0-301F-11D3-BF4B-00C04F79EFBC}") = "Notification.Presentation", "Notification.Presentation\Notification.Presentation.csproj", "{D79559EC-7F3A-4279-8D2C-3CC77F07321E}"
EndProject
Project("{FAE04EC0-301F-11D3-BF4B-00C04F79EFBC}") = "Notification.Domain", "Notification.Domain\Notification.Domain.csproj", "{91FF4218-7D11-40CB-8370-6564DCE7694E}"
EndProject
Project("{FAE04EC0-301F-11D3-BF4B-00C04F79EFBC}") = "Notification.Application", "Notification.Application\Notification.Application.csproj", "{E2D0DE8D-EBCB-417F-ADB8-2F10AC046A8A}"
EndProject
Project("{FAE04EC0-301F-11D3-BF4B-00C04F79EFBC}") = "Notification.Infrastructure", "Notification.Infrastructure\Notification.Infrastructure.csproj", "{9A7349B6-DA38-415D-BB45-ED3120EBA199}"
EndProject
Project("{FAE04EC0-301F-11D3-BF4B-00C04F79EFBC}") = "Contracts", "Contracts\Contracts.csproj", "{3ACA1636-B829-4BD7-ADE9-F1DADEC05293}"
EndProject
Project("{FAE04EC0-301F-11D3-BF4B-00C04F79EFBC}") = "Infrastructure", "Infrastructure\Infrastructure.csproj", "{CF08A5A3-3D90-49DC-AB74-C1B223882C2A}"
EndProject
Project("{FAE04EC0-301F-11D3-BF4B-00C04F79EFBC}") = "RewardWorker", "RewardWorker\RewardWorker.csproj", "{7A8612EE-2D77-4A66-8591-3EF30B415F9C}"
EndProject
Project("{2150E333-8FDC-42A3-9474-1A3956D46DE8}") = "Tests", "Tests", "{DC2522F7-4951-4A61-BFB0-277AED1AAA06}"
EndProject
Project("{FAE04EC0-301F-11D3-BF4B-00C04F79EFBC}") = "Notification.UnitTests", "tests\Notification.UnitTests\Notification.UnitTests.csproj", "{22DE99B3-5F3E-4E9F-25D4-800E9D9B6576}"
EndProject
Project("{FAE04EC0-301F-11D3-BF4B-00C04F79EFBC}") = "RewardWorker.UnitTests", "tests\RewardWorker.UnitTests\RewardWorker.UnitTests.csproj", "{177A973B-F1FA-7306-5AAD-69787C671F05}"
EndProject
Project("{FAE04EC0-301F-11D3-BF4B-00C04F79EFBC}") = "Session.UnitTests", "tests\Session.UnitTests\Session.UnitTests.csproj", "{F9CC9FDF-10B8-D781-2B7C-B48C7F7DDDCE}"
EndProject
Global
	GlobalSection(SolutionConfigurationPlatforms) = preSolution
		Debug|Any CPU = Debug|Any CPU
		Release|Any CPU = Release|Any CPU
	EndGlobalSection
	GlobalSection(ProjectConfigurationPlatforms) = postSolution
		{3634EB9C-5058-4AC6-9D50-236E3823E640}.Debug|Any CPU.ActiveCfg = Debug|Any CPU
		{3634EB9C-5058-4AC6-9D50-236E3823E640}.Debug|Any CPU.Build.0 = Debug|Any CPU
		{3634EB9C-5058-4AC6-9D50-236E3823E640}.Release|Any CPU.ActiveCfg = Release|Any CPU
		{3634EB9C-5058-4AC6-9D50-236E3823E640}.Release|Any CPU.Build.0 = Release|Any CPU
		{B7351A2D-2533-4BB2-87B9-80175A8B9101}.Debug|Any CPU.ActiveCfg = Debug|Any CPU
		{B7351A2D-2533-4BB2-87B9-80175A8B9101}.Debug|Any CPU.Build.0 = Debug|Any CPU
		{B7351A2D-2533-4BB2-87B9-80175A8B9101}.Release|Any CPU.ActiveCfg = Release|Any CPU
		{B7351A2D-2533-4BB2-87B9-80175A8B9101}.Release|Any CPU.Build.0 = Release|Any CPU
		{9A282616-F211-482E-B25C-E9EDB6A2F63C}.Debug|Any CPU.ActiveCfg = Debug|Any CPU
		{9A282616-F211-482E-B25C-E9EDB6A2F63C}.Debug|Any CPU.Build.0 = Debug|Any CPU
		{9A282616-F211-482E-B25C-E9EDB6A2F63C}.Release|Any CPU.ActiveCfg = Release|Any CPU
		{9A282616-F211-482E-B25C-E9EDB6A2F63C}.Release|Any CPU.Build.0 = Release|Any CPU
		{2C2E0F7D-07AC-4BC8-8B58-D7177ACEAB86}.Debug|Any CPU.ActiveCfg = Debug|Any CPU
		{2C2E0F7D-07AC-4BC8-8B58-D7177ACEAB86}.Debug|Any CPU.Build.0 = Debug|Any CPU
		{2C2E0F7D-07AC-4BC8-8B58-D7177ACEAB86}.Release|Any CPU.ActiveCfg = Release|Any CPU
		{2C2E0F7D-07AC-4BC8-8B58-D7177ACEAB86}.Release|Any CPU.Build.0 = Release|Any CPU
		{9E9553E1-521C-42F2-8246-2CA309B31C4F}.Debug|Any CPU.ActiveCfg = Debug|Any CPU
		{9E9553E1-521C-42F2-8246-2CA309B31C4F}.Debug|Any CPU.Build.0 = Debug|Any CPU
		{9E9553E1-521C-42F2-8246-2CA309B31C4F}.Release|Any CPU.ActiveCfg = Release|Any CPU
		{9E9553E1-521C-42F2-8246-2CA309B31C4F}.Release|Any CPU.Build.0 = Release|Any CPU
		{D79559EC-7F3A-4279-8D2C-3CC77F07321E}.Debug|Any CPU.ActiveCfg = Debug|Any CPU
		{D79559EC-7F3A-4279-8D2C-3CC77F07321E}.Debug|Any CPU.Build.0 = Debug|Any CPU
		{D79559EC-7F3A-4279-8D2C-3CC77F07321E}.Release|Any CPU.ActiveCfg = Release|Any CPU
		{D79559EC-7F3A-4279-8D2C-3CC77F07321E}.Release|Any CPU.Build.0 = Release|Any CPU
		{91FF4218-7D11-40CB-8370-6564DCE7694E}.Debug|Any CPU.ActiveCfg = Debug|Any CPU
		{91FF4218-7D11-40CB-8370-6564DCE7694E}.Debug|Any CPU.Build.0 = Debug|Any CPU
		{91FF4218-7D11-40CB-8370-6564DCE7694E}.Release|Any CPU.ActiveCfg = Release|Any CPU
		{91FF4218-7D11-40CB-8370-6564DCE7694E}.Release|Any CPU.Build.0 = Release|Any CPU
		{E2D0DE8D-EBCB-417F-ADB8-2F10AC046A8A}.Debug|Any CPU.ActiveCfg = Debug|Any CPU
		{E2D0DE8D-EBCB-417F-ADB8-2F10AC046A8A}.Debug|Any CPU.Build.0 = Debug|Any CPU
		{E2D0DE8D-EBCB-417F-ADB8-2F10AC046A8A}.Release|Any CPU.ActiveCfg = Release|Any CPU
		{E2D0DE8D-EBCB-417F-ADB8-2F10AC046A8A}.Release|Any CPU.Build.0 = Release|Any CPU
		{9A7349B6-DA38-415D-BB45-ED3120EBA199}.Debug|Any CPU.ActiveCfg = Debug|Any CPU
		{9A7349B6-DA38-415D-BB45-ED3120EBA199}.Debug|Any CPU.Build.0 = Debug|Any CPU
		{9A7349B6-DA38-415D-BB45-ED3120EBA199}.Release|Any CPU.ActiveCfg = Release|Any CPU
		{9A7349B6-DA38-415D-BB45-ED3120EBA199}.Release|Any CPU.Build.0 = Release|Any CPU
		{3ACA1636-B829-4BD7-ADE9-F1DADEC05293}.Debug|Any CPU.ActiveCfg = Debug|Any CPU
		{3ACA1636-B829-4BD7-ADE9-F1DADEC05293}.Debug|Any CPU.Build.0 = Debug|Any CPU
		{3ACA1636-B829-4BD7-ADE9-F1DADEC05293}.Release|Any CPU.ActiveCfg = Release|Any CPU
		{3ACA1636-B829-4BD7-ADE9-F1DADEC05293}.Release|Any CPU.Build.0 = Release|Any CPU
		{CF08A5A3-3D90-49DC-AB74-C1B223882C2A}.Debug|Any CPU.ActiveCfg = Debug|Any CPU
		{CF08A5A3-3D90-49DC-AB74-C1B223882C2A}.Debug|Any CPU.Build.0 = Debug|Any CPU
		{CF08A5A3-3D90-49DC-AB74-C1B223882C2A}.Release|Any CPU.ActiveCfg = Release|Any CPU
		{CF08A5A3-3D90-49DC-AB74-C1B223882C2A}.Release|Any CPU.Build.0 = Release|Any CPU
		{7A8612EE-2D77-4A66-8591-3EF30B415F9C}.Debug|Any CPU.ActiveCfg = Debug|Any CPU
		{7A8612EE-2D77-4A66-8591-3EF30B415F9C}.Debug|Any CPU.Build.0 = Debug|Any CPU
		{7A8612EE-2D77-4A66-8591-3EF30B415F9C}.Release|Any CPU.ActiveCfg = Release|Any CPU
		{7A8612EE-2D77-4A66-8591-3EF30B415F9C}.Release|Any CPU.Build.0 = Release|Any CPU
		{22DE99B3-5F3E-4E9F-25D4-800E9D9B6576}.Debug|Any CPU.ActiveCfg = Debug|Any CPU
		{22DE99B3-5F3E-4E9F-25D4-800E9D9B6576}.Debug|Any CPU.Build.0 = Debug|Any CPU
		{22DE99B3-5F3E-4E9F-25D4-800E9D9B6576}.Release|Any CPU.ActiveCfg = Release|Any CPU
		{22DE99B3-5F3E-4E9F-25D4-800E9D9B6576}.Release|Any CPU.Build.0 = Release|Any CPU
		{177A973B-F1FA-7306-5AAD-69787C671F05}.Debug|Any CPU.ActiveCfg = Debug|Any CPU
		{177A973B-F1FA-7306-5AAD-69787C671F05}.Debug|Any CPU.Build.0 = Debug|Any CPU
		{177A973B-F1FA-7306-5AAD-69787C671F05}.Release|Any CPU.ActiveCfg = Release|Any CPU
		{177A973B-F1FA-7306-5AAD-69787C671F05}.Release|Any CPU.Build.0 = Release|Any CPU
		{F9CC9FDF-10B8-D781-2B7C-B48C7F7DDDCE}.Debug|Any CPU.ActiveCfg = Debug|Any CPU
		{F9CC9FDF-10B8-D781-2B7C-B48C7F7DDDCE}.Debug|Any CPU.Build.0 = Debug|Any CPU
		{F9CC9FDF-10B8-D781-2B7C-B48C7F7DDDCE}.Release|Any CPU.ActiveCfg = Release|Any CPU
		{F9CC9FDF-10B8-D781-2B7C-B48C7F7DDDCE}.Release|Any CPU.Build.0 = Release|Any CPU
	EndGlobalSection
	GlobalSection(SolutionProperties) = preSolution
		HideSolutionNode = FALSE
	EndGlobalSection
	GlobalSection(NestedProjects) = preSolution
		{3634EB9C-5058-4AC6-9D50-236E3823E640} = {02EA681E-C7D8-13C7-8484-4AC65E1B71E8}
		{B7351A2D-2533-4BB2-87B9-80175A8B9101} = {432F572C-BCAF-4722-9B68-A78DA05BBFF9}
		{9A282616-F211-482E-B25C-E9EDB6A2F63C} = {02EA681E-C7D8-13C7-8484-4AC65E1B71E8}
		{2C2E0F7D-07AC-4BC8-8B58-D7177ACEAB86} = {02EA681E-C7D8-13C7-8484-4AC65E1B71E8}
		{9E9553E1-521C-42F2-8246-2CA309B31C4F} = {02EA681E-C7D8-13C7-8484-4AC65E1B71E8}
		{D79559EC-7F3A-4279-8D2C-3CC77F07321E} = {DB0C246E-C346-4C67-BAB9-BD66E075C4A3}
		{91FF4218-7D11-40CB-8370-6564DCE7694E} = {DB0C246E-C346-4C67-BAB9-BD66E075C4A3}
		{E2D0DE8D-EBCB-417F-ADB8-2F10AC046A8A} = {DB0C246E-C346-4C67-BAB9-BD66E075C4A3}
		{9A7349B6-DA38-415D-BB45-ED3120EBA199} = {DB0C246E-C346-4C67-BAB9-BD66E075C4A3}
		{3ACA1636-B829-4BD7-ADE9-F1DADEC05293} = {D21FA8D0-414A-4145-8369-A51F95ABDF74}
		{CF08A5A3-3D90-49DC-AB74-C1B223882C2A} = {D21FA8D0-414A-4145-8369-A51F95ABDF74}
		{7A8612EE-2D77-4A66-8591-3EF30B415F9C} = {0C60C2CB-5F96-4B6E-AE3C-7CBEDF04B016}
		{22DE99B3-5F3E-4E9F-25D4-800E9D9B6576} = {DC2522F7-4951-4A61-BFB0-277AED1AAA06}
		{177A973B-F1FA-7306-5AAD-69787C671F05} = {DC2522F7-4951-4A61-BFB0-277AED1AAA06}
		{F9CC9FDF-10B8-D781-2B7C-B48C7F7DDDCE} = {DC2522F7-4951-4A61-BFB0-277AED1AAA06}
	EndGlobalSection
	GlobalSection(ExtensibilityGlobals) = postSolution
		SolutionGuid = {1B85F015-6057-42D0-A405-95A2D78CB044}
	EndGlobalSection
EndGlobal
